
Microsoft Visual Studio Solution File, Format Version 12.00
# Visual Studio Version 17
VisualStudioVersion = 17.14.36811.4 d17.14
MinimumVisualStudioVersion = 10.0.40219.1
Project("{FAE04EC0-301F-11D3-BF4B-00C04F79EFBC}") = "Backend Assessment - Lumel Sales Management", "Backend Assessment - Lumel Sales Management\Backend Assessment - Lumel Sales Management.csproj", "{AF6DD01C-45A2-416F-B851-718C156218A9}"
EndProject
Project("{FAE04EC0-301F-11D3-BF4B-00C04F79EFBC}") = "LumelSalesManagementDomain", "LumelSalesManagementDomain\LumelSalesManagementDomain.csproj", "{A004CB0B-ACF6-4C19-B464-676186EEE31A}"
EndProject
Project("{FAE04EC0-301F-11D3-BF4B-00C04F79EFBC}") = "LumelSalesManagementRepository", "LumelSalesManagementRepository\LumelSalesManagementRepository.csproj", "{268C66BF-8D08-47DA-AADF-62917AAD3536}"
EndProject
Global
	GlobalSection(SolutionConfigurationPlatforms) = preSolution
		Debug|Any CPU = Debug|Any CPU
		Release|Any CPU = Release|Any CPU
	EndGlobalSection
	GlobalSection(ProjectConfigurationPlatforms) = postSolution
		{AF6DD01C-45A2-416F-B851-718C156218A9}.Debug|Any CPU.ActiveCfg = Debug|Any CPU
		{AF6DD01C-45A2-416F-B851-718C156218A9}.Debug|Any CPU.Build.0 = Debug|Any CPU
		{AF6DD01C-45A2-416F-B851-718C156218A9}.Release|Any CPU.ActiveCfg = Release|Any CPU
		{AF6DD01C-45A2-416F-B851-718C156218A9}.Release|Any CPU.Build.0 = Release|Any CPU
		{A004CB0B-ACF6-4C19-B464-676186EEE31A}.Debug|Any CPU.ActiveCfg = Debug|Any CPU
		{A004CB0B-ACF6-4C19-B464-676186EEE31A}.Debug|Any CPU.Build.0 = Debug|Any CPU
		{A004CB0B-ACF6-4C19-B464-676186EEE31A}.Release|Any CPU.ActiveCfg = Release|Any CPU
		{A004CB0B-ACF6-4C19-B464-676186EEE31A}.Release|Any CPU.Build.0 = Release|Any CPU
		{268C66BF-8D08-47DA-AADF-62917AAD3536}.Debug|Any CPU.ActiveCfg = Debug|Any CPU
		{268C66BF-8D08-47DA-AADF-62917AAD3536}.Debug|Any CPU.Build.0 = Debug|Any CPU
		{268C66BF-8D08-47DA-AADF-62917AAD3536}.Release|Any CPU.ActiveCfg = Release|Any CPU
		{268C66BF-8D08-47DA-AADF-62917AAD3536}.Release|Any CPU.Build.0 = Release|Any CPU
	EndGlobalSection
	GlobalSection(SolutionProperties) = preSolution
		HideSolutionNode = FALSE
	EndGlobalSection
	GlobalSection(ExtensibilityGlobals) = postSolution
		SolutionGuid = {ECE21C54-0A4F-47C3-BA7B-2BFE47E86F2A}
	EndGlobalSection
EndGlobal
